
Microsoft Visual Studio Solution File, Format Version 12.00
# Visual Studio Version 16
VisualStudioVersion = 16.0.31624.102
MinimumVisualStudioVersion = 10.0.40219.1
Project("{FAE04EC0-301F-11D3-BF4B-00C04F79EFBC}") = "HomeWork0406.Data", "HomeWork0406.Data\HomeWork0406.Data.csproj", "{4F620875-1AD7-4D84-A131-0D82F6A6A83C}"
EndProject
Project("{FAE04EC0-301F-11D3-BF4B-00C04F79EFBC}") = "HomeWork0406.Web", "HomeWork0406.Web\HomeWork0406.Web.csproj", "{B9CC00FA-E7AD-4356-9D26-B778C8BED145}"
EndProject
Global
	GlobalSection(SolutionConfigurationPlatforms) = preSolution
		Debug|Any CPU = Debug|Any CPU
		Release|Any CPU = Release|Any CPU
	EndGlobalSection
	GlobalSection(ProjectConfigurationPlatforms) = postSolution
		{4F620875-1AD7-4D84-A131-0D82F6A6A83C}.Debug|Any CPU.ActiveCfg = Debug|Any CPU
		{4F620875-1AD7-4D84-A131-0D82F6A6A83C}.Debug|Any CPU.Build.0 = Debug|Any CPU
		{4F620875-1AD7-4D84-A131-0D82F6A6A83C}.Release|Any CPU.ActiveCfg = Release|Any CPU
		{4F620875-1AD7-4D84-A131-0D82F6A6A83C}.Release|Any CPU.Build.0 = Release|Any CPU
		{B9CC00FA-E7AD-4356-9D26-B778C8BED145}.Debug|Any CPU.ActiveCfg = Debug|Any CPU
		{B9CC00FA-E7AD-4356-9D26-B778C8BED145}.Debug|Any CPU.Build.0 = Debug|Any CPU
		{B9CC00FA-E7AD-4356-9D26-B778C8BED145}.Release|Any CPU.ActiveCfg = Release|Any CPU
		{B9CC00FA-E7AD-4356-9D26-B778C8BED145}.Release|Any CPU.Build.0 = Release|Any CPU
	EndGlobalSection
	GlobalSection(SolutionProperties) = preSolution
		HideSolutionNode = FALSE
	EndGlobalSection
	GlobalSection(ExtensibilityGlobals) = postSolution
		SolutionGuid = {68268A6C-BE92-43DC-992B-A74FAE0BD640}
	EndGlobalSection
EndGlobal
